Microsoft Visual Studio Solution File, Format Version 11.00
# Visual Studio 2008

Project("{11F78B98-9D3C-EB60-34F2-6738D39280F4}") = "Teamar", "Assembly-CSharp.csproj", "{C6D0D43B-6CA7-2EB9-76F0-2A1CED632DD5}"
EndProject
Project("{11F78B98-9D3C-EB60-34F2-6738D39280F4}") = "Teamar", "Assembly-CSharp-Editor.csproj", "{C5911142-6FB4-C40C-15B5-9E8C01F6E251}"
EndProject
Global
	GlobalSection(SolutionConfigurationPlatforms) = preSolution
		Debug|Any CPU = Debug|Any CPU
		Release|Any CPU = Release|Any CPU
	EndGlobalSection
	GlobalSection(ProjectConfigurationPlatforms) = postSolution
		{C6D0D43B-6CA7-2EB9-76F0-2A1CED632DD5}.Debug|Any CPU.ActiveCfg = Debug|Any CPU
		{C6D0D43B-6CA7-2EB9-76F0-2A1CED632DD5}.Debug|Any CPU.Build.0 = Debug|Any CPU
		{C6D0D43B-6CA7-2EB9-76F0-2A1CED632DD5}.Release|Any CPU.ActiveCfg = Release|Any CPU
		{C6D0D43B-6CA7-2EB9-76F0-2A1CED632DD5}.Release|Any CPU.Build.0 = Release|Any CPU
		{C5911142-6FB4-C40C-15B5-9E8C01F6E251}.Debug|Any CPU.ActiveCfg = Debug|Any CPU
		{C5911142-6FB4-C40C-15B5-9E8C01F6E251}.Debug|Any CPU.Build.0 = Debug|Any CPU
		{C5911142-6FB4-C40C-15B5-9E8C01F6E251}.Release|Any CPU.ActiveCfg = Release|Any CPU
		{C5911142-6FB4-C40C-15B5-9E8C01F6E251}.Release|Any CPU.Build.0 = Release|Any CPU
	EndGlobalSection
	GlobalSection(SolutionProperties) = preSolution
		HideSolutionNode = FALSE
	EndGlobalSection
	GlobalSection(MonoDevelopProperties) = preSolution
		StartupItem = Assembly-CSharp.csproj
		Policies = $0
		$0.TextStylePolicy = $1
		$1.inheritsSet = null
		$1.scope = text/x-csharp
		$0.CSharpFormattingPolicy = $2
		$2.inheritsSet = Mono
		$2.inheritsScope = text/x-csharp
		$2.scope = text/x-csharp
		$0.TextStylePolicy = $3
		$3.FileWidth = 120
		$3.TabWidth = 4
		$3.IndentWidth = 4
		$3.EolMarker = Unix
		$3.inheritsSet = Mono
		$3.inheritsScope = text/plain
		$3.scope = text/plain
	EndGlobalSection
EndGlobal
